
Microsoft Visual Studio Solution File, Format Version 12.00
# Visual Studio Version 17
VisualStudioVersion = 17.1.32328.378
MinimumVisualStudioVersion = 10.0.40219.1
Project("{FAE04EC0-301F-11D3-BF4B-00C04F79EFBC}") = "ZooPark", "ZooPark\ZooPark.csproj", "{397766B3-D271-4D5A-8FC7-37CA5EFCFA78}"
EndProject
Global
	GlobalSection(SolutionConfigurationPlatforms) = preSolution
		Debug|Any CPU = Debug|Any CPU
		Release|Any CPU = Release|Any CPU
	EndGlobalSection
	GlobalSection(ProjectConfigurationPlatforms) = postSolution
		{397766B3-D271-4D5A-8FC7-37CA5EFCFA78}.Debug|Any CPU.ActiveCfg = Debug|Any CPU
		{397766B3-D271-4D5A-8FC7-37CA5EFCFA78}.Debug|Any CPU.Build.0 = Debug|Any CPU
		{397766B3-D271-4D5A-8FC7-37CA5EFCFA78}.Release|Any CPU.ActiveCfg = Release|Any CPU
		{397766B3-D271-4D5A-8FC7-37CA5EFCFA78}.Release|Any CPU.Build.0 = Release|Any CPU
	EndGlobalSection
	GlobalSection(SolutionProperties) = preSolution
		HideSolutionNode = FALSE
	EndGlobalSection
	GlobalSection(ExtensibilityGlobals) = postSolution
		SolutionGuid = {FF14C127-7689-4668-9F7D-452141AEAF89}
	EndGlobalSection
EndGlobal
